
Microsoft Visual Studio Solution File, Format Version 12.00
# Visual Studio Version 17
VisualStudioVersion = 17.9.34622.214
MinimumVisualStudioVersion = 10.0.40219.1
Project("{FAE04EC0-301F-11D3-BF4B-00C04F79EFBC}") = "PhamQuocHuy_Report_RESTfulAPI", "PhamQuocHuy_Report_RESTfulAPI\PhamQuocHuy_Report_RESTfulAPI.csproj", "{E786B0AA-1258-4C2E-A294-2DD8F1F4F372}"
EndProject
Global
	GlobalSection(SolutionConfigurationPlatforms) = preSolution
		Debug|Any CPU = Debug|Any CPU
		Release|Any CPU = Release|Any CPU
	EndGlobalSection
	GlobalSection(ProjectConfigurationPlatforms) = postSolution
		{E786B0AA-1258-4C2E-A294-2DD8F1F4F372}.Debug|Any CPU.ActiveCfg = Debug|Any CPU
		{E786B0AA-1258-4C2E-A294-2DD8F1F4F372}.Debug|Any CPU.Build.0 = Debug|Any CPU
		{E786B0AA-1258-4C2E-A294-2DD8F1F4F372}.Release|Any CPU.ActiveCfg = Release|Any CPU
		{E786B0AA-1258-4C2E-A294-2DD8F1F4F372}.Release|Any CPU.Build.0 = Release|Any CPU
	EndGlobalSection
	GlobalSection(SolutionProperties) = preSolution
		HideSolutionNode = FALSE
	EndGlobalSection
	GlobalSection(ExtensibilityGlobals) = postSolution
		SolutionGuid = {E0881D35-6565-4071-AA19-56FD3EAC04D8}
	EndGlobalSection
EndGlobal
